
Microsoft Visual Studio Solution File, Format Version 12.00
# Visual Studio Version 16
VisualStudioVersion = 16.0.31112.23
MinimumVisualStudioVersion = 10.0.40219.1
Project("{9A19103F-16F7-4668-BE54-9A1E7A4F7556}") = "TrelamiumMusic", "TrelamiumMusic.csproj", "{F158A4C7-498C-4B7A-ADE1-27775BEB8BD1}"
EndProject
Global
	GlobalSection(SolutionConfigurationPlatforms) = preSolution
		Debug|Any CPU = Debug|Any CPU
		Release|Any CPU = Release|Any CPU
	EndGlobalSection
	GlobalSection(ProjectConfigurationPlatforms) = postSolution
		{F158A4C7-498C-4B7A-ADE1-27775BEB8BD1}.Debug|Any CPU.ActiveCfg = Debug|Any CPU
		{F158A4C7-498C-4B7A-ADE1-27775BEB8BD1}.Debug|Any CPU.Build.0 = Debug|Any CPU
		{F158A4C7-498C-4B7A-ADE1-27775BEB8BD1}.Release|Any CPU.ActiveCfg = Release|Any CPU
		{F158A4C7-498C-4B7A-ADE1-27775BEB8BD1}.Release|Any CPU.Build.0 = Release|Any CPU
	EndGlobalSection
	GlobalSection(SolutionProperties) = preSolution
		HideSolutionNode = FALSE
	EndGlobalSection
	GlobalSection(ExtensibilityGlobals) = postSolution
		SolutionGuid = {5B2F5629-5A6B-4847-9A3B-93002E648D45}
	EndGlobalSection
EndGlobal
